
Microsoft Visual Studio Solution File, Format Version 12.00
# Visual Studio Version 17
VisualStudioVersion = 17.0.31912.275
MinimumVisualStudioVersion = 10.0.40219.1
Project("{FAE04EC0-301F-11D3-BF4B-00C04F79EFBC}") = "PdfGenerator", "PdfGenerator.csproj", "{AF9D1E54-2CCB-42EA-8CF3-6978C4FA54DE}"
EndProject
Global
	GlobalSection(SolutionConfigurationPlatforms) = preSolution
		Debug|Any CPU = Debug|Any CPU
		Release|Any CPU = Release|Any CPU
	EndGlobalSection
	GlobalSection(ProjectConfigurationPlatforms) = postSolution
		{AF9D1E54-2CCB-42EA-8CF3-6978C4FA54DE}.Debug|Any CPU.ActiveCfg = Debug|Any CPU
		{AF9D1E54-2CCB-42EA-8CF3-6978C4FA54DE}.Debug|Any CPU.Build.0 = Debug|Any CPU
		{AF9D1E54-2CCB-42EA-8CF3-6978C4FA54DE}.Release|Any CPU.ActiveCfg = Release|Any CPU
		{AF9D1E54-2CCB-42EA-8CF3-6978C4FA54DE}.Release|Any CPU.Build.0 = Release|Any CPU
	EndGlobalSection
	GlobalSection(SolutionProperties) = preSolution
		HideSolutionNode = FALSE
	EndGlobalSection
	GlobalSection(ExtensibilityGlobals) = postSolution
		SolutionGuid = {9CBD828B-3F94-4FE0-A9B0-C4AFFB228F94}
	EndGlobalSection
EndGlobal
